// !$*UTF8*$!
{
	archiveVersion = 1;
	classes = {
	};
	objectVersion = 46;
	objects = {

/* Begin PBXBuildFile section */
		412887611E26C55600D6E96C /* TMDBMovie.swift in Sources */ = {isa = PBXBuildFile; fileRef = 412887601E26C55600D6E96C /* TMDBMovie.swift */; };
		412887631E26CD1300D6E96C /* TMDBConvenience.swift in Sources */ = {isa = PBXBuildFile; fileRef = 412887621E26CD1300D6E96C /* TMDBConvenience.swift */; };
		412887651E26D68300D6E96C /* TMDBAuthViewController.swift in Sources */ = {isa = PBXBuildFile; fileRef = 412887641E26D68300D6E96C /* TMDBAuthViewController.swift */; };
		412887671E270EBF00D6E96C /* GCDBlackBox.swift in Sources */ = {isa = PBXBuildFile; fileRef = 412887661E270EBF00D6E96C /* GCDBlackBox.swift */; };
		418CA1111E267D260074E5B0 /* AppDelegate.swift in Sources */ = {isa = PBXBuildFile; fileRef = 418CA1101E267D260074E5B0 /* AppDelegate.swift */; };
		418CA1131E267D260074E5B0 /* LoginViewController.swift in Sources */ = {isa = PBXBuildFile; fileRef = 418CA1121E267D260074E5B0 /* LoginViewController.swift */; };
		418CA1161E267D260074E5B0 /* Main.storyboard in Resources */ = {isa = PBXBuildFile; fileRef = 418CA1141E267D260074E5B0 /* Main.storyboard */; };
		418CA1181E267D260074E5B0 /* Assets.xcassets in Resources */ = {isa = PBXBuildFile; fileRef = 418CA1171E267D260074E5B0 /* Assets.xcassets */; };
		418CA11B1E267D260074E5B0 /* LaunchScreen.storyboard in Resources */ = {isa = PBXBuildFile; fileRef = 418CA1191E267D260074E5B0 /* LaunchScreen.storyboard */; };
		418CA1261E267D260074E5B0 /* MovieManagerTests.swift in Sources */ = {isa = PBXBuildFile; fileRef = 418CA1251E267D260074E5B0 /* MovieManagerTests.swift */; };
		418CA1311E267D260074E5B0 /* MovieManagerUITests.swift in Sources */ = {isa = PBXBuildFile; fileRef = 418CA1301E267D260074E5B0 /* MovieManagerUITests.swift */; };
		418CA1411E267EDE0074E5B0 /* MovieDetailViewController.swift in Sources */ = {isa = PBXBuildFile; fileRef = 418CA1401E267EDE0074E5B0 /* MovieDetailViewController.swift */; };
		418CA1431E2682040074E5B0 /* MoviePickerViewController.swift in Sources */ = {isa = PBXBuildFile; fileRef = 418CA1421E2682040074E5B0 /* MoviePickerViewController.swift */; };
		418CA1451E2682140074E5B0 /* WatchlistViewController.swift in Sources */ = {isa = PBXBuildFile; fileRef = 418CA1441E2682140074E5B0 /* WatchlistViewController.swift */; };
		418CA1471E2682210074E5B0 /* FavoritesViewController.swift in Sources */ = {isa = PBXBuildFile; fileRef = 418CA1461E2682210074E5B0 /* FavoritesViewController.swift */; };
		418CA14C1E2682EF0074E5B0 /* TMDBClient.swift in Sources */ = {isa = PBXBuildFile; fileRef = 418CA14B1E2682EF0074E5B0 /* TMDBClient.swift */; };
		418CA14E1E2684160074E5B0 /* TMDBConfig.swift in Sources */ = {isa = PBXBuildFile; fileRef = 418CA14D1E2684160074E5B0 /* TMDBConfig.swift */; };
		418CA1501E26955D0074E5B0 /* TMDBConstants.swift in Sources */ = {isa = PBXBuildFile; fileRef = 418CA14F1E26955D0074E5B0 /* TMDBConstants.swift */; };
/* End PBXBuildFile section */

/* Begin PBXContainerItemProxy section */
		418CA1221E267D260074E5B0 /* PBXContainerItemProxy */ = {
			isa = PBXContainerItemProxy;
			containerPortal = 418CA1051E267D260074E5B0 /* Project object */;
			proxyType = 1;
			remoteGlobalIDString = 418CA10C1E267D260074E5B0;
			remoteInfo = MovieManager;
		};
		418CA12D1E267D260074E5B0 /* PBXContainerItemProxy */ = {
			isa = PBXContainerItemProxy;
			containerPortal = 418CA1051E267D260074E5B0 /* Project object */;
			proxyType = 1;
			remoteGlobalIDString = 418CA10C1E267D260074E5B0;
			remoteInfo = MovieManager;
		};
/* End PBXContainerItemProxy section */

/* Begin PBXFileReference section */
		412887601E26C55600D6E96C /* TMDBMovie.swift */ = {isa = PBXFileReference; fileEncoding = 4; lastKnownFileType = sourcecode.swift; path = TMDBMovie.swift; sourceTree = "<group>"; };
		412887621E26CD1300D6E96C /* TMDBConvenience.swift */ = {isa = PBXFileReference; fileEncoding = 4; lastKnownFileType = sourcecode.swift; path = TMDBConvenience.swift; sourceTree = "<group>"; };
		412887641E26D68300D6E96C /* TMDBAuthViewController.swift */ = {isa = PBXFileReference; fileEncoding = 4; lastKnownFileType = sourcecode.swift; path = TMDBAuthViewController.swift; sourceTree = "<group>"; };
		412887661E270EBF00D6E96C /* GCDBlackBox.swift */ = {isa = PBXFileReference; fileEncoding = 4; lastKnownFileType = sourcecode.swift; path = GCDBlackBox.swift; sourceTree = "<group>"; };
		418CA10D1E267D260074E5B0 /* MovieManager.app */ = {isa = PBXFileReference; explicitFileType = wrapper.application; includeInIndex = 0; path = MovieManager.app; sourceTree = BUILT_PRODUCTS_DIR; };
		418CA1101E267D260074E5B0 /* AppDelegate.swift */ = {isa = PBXFileReference; lastKnownFileType = sourcecode.swift; path = AppDelegate.swift; sourceTree = "<group>"; };
		418CA1121E267D260074E5B0 /* LoginViewController.swift */ = {isa = PBXFileReference; lastKnownFileType = sourcecode.swift; path = LoginViewController.swift; sourceTree = "<group>"; };
		418CA1151E267D260074E5B0 /* Base */ = {isa = PBXFileReference; lastKnownFileType = file.storyboard; name = Base; path = Base.lproj/Main.storyboard; sourceTree = "<group>"; };
		418CA1171E267D260074E5B0 /* Assets.xcassets */ = {isa = PBXFileReference; lastKnownFileType = folder.assetcatalog; path = Assets.xcassets; sourceTree = "<group>"; };
		418CA11A1E267D260074E5B0 /* Base */ = {isa = PBXFileReference; lastKnownFileType = file.storyboard; name = Base; path = Base.lproj/LaunchScreen.storyboard; sourceTree = "<group>"; };
		418CA11C1E267D260074E5B0 /* Info.plist */ = {isa = PBXFileReference; lastKnownFileType = text.plist.xml; path = Info.plist; sourceTree = "<group>"; };
		418CA1211E267D260074E5B0 /* MovieManagerTests.xctest */ = {isa = PBXFileReference; explicitFileType = wrapper.cfbundle; includeInIndex = 0; path = MovieManagerTests.xctest; sourceTree = BUILT_PRODUCTS_DIR; };
		418CA1251E267D260074E5B0 /* MovieManagerTests.swift */ = {isa = PBXFileReference; lastKnownFileType = sourcecode.swift; path = MovieManagerTests.swift; sourceTree = "<group>"; };
		418CA1271E267D260074E5B0 /* Info.plist */ = {isa = PBXFileReference; lastKnownFileType = text.plist.xml; path = Info.plist; sourceTree = "<group>"; };
		418CA12C1E267D260074E5B0 /* MovieManagerUITests.xctest */ = {isa = PBXFileReference; explicitFileType = wrapper.cfbundle; includeInIndex = 0; path = MovieManagerUITests.xctest; sourceTree = BUILT_PRODUCTS_DIR; };
		418CA1301E267D260074E5B0 /* MovieManagerUITests.swift */ = {isa = PBXFileReference; lastKnownFileType = sourcecode.swift; path = MovieManagerUITests.swift; sourceTree = "<group>"; };
		418CA1321E267D260074E5B0 /* Info.plist */ = {isa = PBXFileReference; lastKnownFileType = text.plist.xml; path = Info.plist; sourceTree = "<group>"; };
		418CA1401E267EDE0074E5B0 /* MovieDetailViewController.swift */ = {isa = PBXFileReference; fileEncoding = 4; lastKnownFileType = sourcecode.swift; path = MovieDetailViewController.swift; sourceTree = "<group>"; };
		418CA1421E2682040074E5B0 /* MoviePickerViewController.swift */ = {isa = PBXFileReference; fileEncoding = 4; lastKnownFileType = sourcecode.swift; path = MoviePickerViewController.swift; sourceTree = "<group>"; };
		418CA1441E2682140074E5B0 /* WatchlistViewController.swift */ = {isa = PBXFileReference; fileEncoding = 4; lastKnownFileType = sourcecode.swift; path = WatchlistViewController.swift; sourceTree = "<group>"; };
		418CA1461E2682210074E5B0 /* FavoritesViewController.swift */ = {isa = PBXFileReference; fileEncoding = 4; lastKnownFileType = sourcecode.swift; path = FavoritesViewController.swift; sourceTree = "<group>"; };
		418CA14B1E2682EF0074E5B0 /* TMDBClient.swift */ = {isa = PBXFileReference; fileEncoding = 4; lastKnownFileType = sourcecode.swift; path = TMDBClient.swift; sourceTree = "<group>"; };
		418CA14D1E2684160074E5B0 /* TMDBConfig.swift */ = {isa = PBXFileReference; fileEncoding = 4; lastKnownFileType = sourcecode.swift; path = TMDBConfig.swift; sourceTree = "<group>"; };
		418CA14F1E26955D0074E5B0 /* TMDBConstants.swift */ = {isa = PBXFileReference; fileEncoding = 4; lastKnownFileType = sourcecode.swift; path = TMDBConstants.swift; sourceTree = "<group>"; };
/* End PBXFileReference section */

/* Begin PBXFrameworksBuildPhase section */
		418CA10A1E267D260074E5B0 /* Frameworks */ = {
			isa = PBXFrameworksBuildPhase;
			buildActionMask = 2147483647;
			files = (
			);
			runOnlyForDeploymentPostprocessing = 0;
		};
		418CA11E1E267D260074E5B0 /* Frameworks */ = {
			isa = PBXFrameworksBuildPhase;
			buildActionMask = 2147483647;
			files = (
			);
			runOnlyForDeploymentPostprocessing = 0;
		};
		418CA1291E267D260074E5B0 /* Frameworks */ = {
			isa = PBXFrameworksBuildPhase;
			buildActionMask = 2147483647;
			files = (
			);
			runOnlyForDeploymentPostprocessing = 0;
		};
/* End PBXFrameworksBuildPhase section */

/* Begin PBXGroup section */
		418CA1041E267D260074E5B0 = {
			isa = PBXGroup;
			children = (
				418CA10F1E267D260074E5B0 /* MovieManager */,
				418CA1241E267D260074E5B0 /* MovieManagerTests */,
				418CA12F1E267D260074E5B0 /* MovieManagerUITests */,
				418CA10E1E267D260074E5B0 /* Products */,
			);
			sourceTree = "<group>";
		};
		418CA10E1E267D260074E5B0 /* Products */ = {
			isa = PBXGroup;
			children = (
				418CA10D1E267D260074E5B0 /* MovieManager.app */,
				418CA1211E267D260074E5B0 /* MovieManagerTests.xctest */,
				418CA12C1E267D260074E5B0 /* MovieManagerUITests.xctest */,
			);
			name = Products;
			sourceTree = "<group>";
		};
		418CA10F1E267D260074E5B0 /* MovieManager */ = {
			isa = PBXGroup;
			children = (
				418CA1481E2682840074E5B0 /* Model */,
				418CA13F1E267E820074E5B0 /* Assets */,
				418CA13E1E267E710074E5B0 /* Controller */,
				418CA1101E267D260074E5B0 /* AppDelegate.swift */,
				418CA11C1E267D260074E5B0 /* Info.plist */,
				412887661E270EBF00D6E96C /* GCDBlackBox.swift */,
			);
			path = MovieManager;
			sourceTree = "<group>";
		};
		418CA1241E267D260074E5B0 /* MovieManagerTests */ = {
			isa = PBXGroup;
			children = (
				418CA1251E267D260074E5B0 /* MovieManagerTests.swift */,
				418CA1271E267D260074E5B0 /* Info.plist */,
			);
			path = MovieManagerTests;
			sourceTree = "<group>";
		};
		418CA12F1E267D260074E5B0 /* MovieManagerUITests */ = {
			isa = PBXGroup;
			children = (
				418CA1301E267D260074E5B0 /* MovieManagerUITests.swift */,
				418CA1321E267D260074E5B0 /* Info.plist */,
			);
			path = MovieManagerUITests;
			sourceTree = "<group>";
		};
		418CA13E1E267E710074E5B0 /* Controller */ = {
			isa = PBXGroup;
			children = (
				418CA1121E267D260074E5B0 /* LoginViewController.swift */,
				418CA1401E267EDE0074E5B0 /* MovieDetailViewController.swift */,
				418CA1421E2682040074E5B0 /* MoviePickerViewController.swift */,
				418CA1441E2682140074E5B0 /* WatchlistViewController.swift */,
				418CA1461E2682210074E5B0 /* FavoritesViewController.swift */,
			);
			name = Controller;
			sourceTree = "<group>";
		};
		418CA13F1E267E820074E5B0 /* Assets */ = {
			isa = PBXGroup;
			children = (
				418CA1141E267D260074E5B0 /* Main.storyboard */,
				418CA1171E267D260074E5B0 /* Assets.xcassets */,
				418CA1191E267D260074E5B0 /* LaunchScreen.storyboard */,
			);
			name = Assets;
			sourceTree = "<group>";
		};
		418CA1481E2682840074E5B0 /* Model */ = {
			isa = PBXGroup;
			children = (
				418CA1491E2682920074E5B0 /* Clients */,
			);
			name = Model;
			sourceTree = "<group>";
		};
		418CA1491E2682920074E5B0 /* Clients */ = {
			isa = PBXGroup;
			children = (
				418CA14A1E26829E0074E5B0 /* TMDB */,
			);
			name = Clients;
			sourceTree = "<group>";
		};
		418CA14A1E26829E0074E5B0 /* TMDB */ = {
			isa = PBXGroup;
			children = (
				418CA14B1E2682EF0074E5B0 /* TMDBClient.swift */,
				418CA14D1E2684160074E5B0 /* TMDBConfig.swift */,
				418CA14F1E26955D0074E5B0 /* TMDBConstants.swift */,
				412887601E26C55600D6E96C /* TMDBMovie.swift */,
				412887621E26CD1300D6E96C /* TMDBConvenience.swift */,
				412887641E26D68300D6E96C /* TMDBAuthViewController.swift */,
			);
			name = TMDB;
			sourceTree = "<group>";
		};
/* End PBXGroup section */

/* Begin PBXNativeTarget section */
		418CA10C1E267D260074E5B0 /* MovieManager */ = {
			isa = PBXNativeTarget;
			buildConfigurationList = 418CA1351E267D260074E5B0 /* Build configuration list for PBXNativeTarget "MovieManager" */;
			buildPhases = (
				418CA1091E267D260074E5B0 /* Sources */,
				418CA10A1E267D260074E5B0 /* Frameworks */,
				418CA10B1E267D260074E5B0 /* Resources */,
			);
			buildRules = (
			);
			dependencies = (
			);
			name = MovieManager;
			productName = MovieManager;
			productReference = 418CA10D1E267D260074E5B0 /* MovieManager.app */;
			productType = "com.apple.product-type.application";
		};
		418CA1201E267D260074E5B0 /* MovieManagerTests */ = {
			isa = PBXNativeTarget;
			buildConfigurationList = 418CA1381E267D260074E5B0 /* Build configuration list for PBXNativeTarget "MovieManagerTests" */;
			buildPhases = (
				418CA11D1E267D260074E5B0 /* Sources */,
				418CA11E1E267D260074E5B0 /* Frameworks */,
				418CA11F1E267D260074E5B0 /* Resources */,
			);
			buildRules = (
			);
			dependencies = (
				418CA1231E267D260074E5B0 /* PBXTargetDependency */,
			);
			name = MovieManagerTests;
			productName = MovieManagerTests;
			productReference = 418CA1211E267D260074E5B0 /* MovieManagerTests.xctest */;
			productType = "com.apple.product-type.bundle.unit-test";
		};
		418CA12B1E267D260074E5B0 /* MovieManagerUITests */ = {
			isa = PBXNativeTarget;
			buildConfigurationList = 418CA13B1E267D260074E5B0 /* Build configuration list for PBXNativeTarget "MovieManagerUITests" */;
			buildPhases = (
				418CA1281E267D260074E5B0 /* Sources */,
				418CA1291E267D260074E5B0 /* Frameworks */,
				418CA12A1E267D260074E5B0 /* Resources */,
			);
			buildRules = (
			);
			dependencies = (
				418CA12E1E267D260074E5B0 /* PBXTargetDependency */,
			);
			name = MovieManagerUITests;
			productName = MovieManagerUITests;
			productReference = 418CA12C1E267D260074E5B0 /* MovieManagerUITests.xctest */;
			productType = "com.apple.product-type.bundle.ui-testing";
		};
/* End PBXNativeTarget section */

/* Begin PBXProject section */
		418CA1051E267D260074E5B0 /* Project object */ = {
			isa = PBXProject;
			attributes = {
				LastSwiftUpdateCheck = 0820;
				LastUpgradeCheck = 0820;
				ORGANIZATIONNAME = "Hector Montero";
				TargetAttributes = {
					418CA10C1E267D260074E5B0 = {
						CreatedOnToolsVersion = 8.2.1;
						DevelopmentTeam = 3U4W9RVQH2;
						ProvisioningStyle = Automatic;
					};
					418CA1201E267D260074E5B0 = {
						CreatedOnToolsVersion = 8.2.1;
						DevelopmentTeam = 3U4W9RVQH2;
						ProvisioningStyle = Automatic;
						TestTargetID = 418CA10C1E267D260074E5B0;
					};
					418CA12B1E267D260074E5B0 = {
						CreatedOnToolsVersion = 8.2.1;
						DevelopmentTeam = 3U4W9RVQH2;
						ProvisioningStyle = Automatic;
						TestTargetID = 418CA10C1E267D260074E5B0;
					};
				};
			};
			buildConfigurationList = 418CA1081E267D260074E5B0 /* Build configuration list for PBXProject "MovieManager" */;
			compatibilityVersion = "Xcode 3.2";
			developmentRegion = English;
			hasScannedForEncodings = 0;
			knownRegions = (
				en,
				Base,
			);
			mainGroup = 418CA1041E267D260074E5B0;
			productRefGroup = 418CA10E1E267D260074E5B0 /* Products */;
			projectDirPath = "";
			projectRoot = "";
			targets = (
				418CA10C1E267D260074E5B0 /* MovieManager */,
				418CA1201E267D260074E5B0 /* MovieManagerTests */,
				418CA12B1E267D260074E5B0 /* MovieManagerUITests */,
			);
		};
/* End PBXProject section */

/* Begin PBXResourcesBuildPhase section */
		418CA10B1E267D260074E5B0 /* Resources */ = {
			isa = PBXResourcesBuildPhase;
			buildActionMask = 2147483647;
			files = (
				418CA11B1E267D260074E5B0 /* LaunchScreen.storyboard in Resources */,
				418CA1181E267D260074E5B0 /* Assets.xcassets in Resources */,
				418CA1161E267D260074E5B0 /* Main.storyboard in Resources */,
			);
			runOnlyForDeploymentPostprocessing = 0;
		};
		418CA11F1E267D260074E5B0 /* Resources */ = {
			isa = PBXResourcesBuildPhase;
			buildActionMask = 2147483647;
			files = (
			);
			runOnlyForDeploymentPostprocessing = 0;
		};
		418CA12A1E267D260074E5B0 /* Resources */ = {
			isa = PBXResourcesBuildPhase;
			buildActionMask = 2147483647;
			files = (
			);
			runOnlyForDeploymentPostprocessing = 0;
		};
/* End PBXResourcesBuildPhase section */

/* Begin PBXSourcesBuildPhase section */
		418CA1091E267D260074E5B0 /* Sources */ = {
			isa = PBXSourcesBuildPhase;
			buildActionMask = 2147483647;
			files = (
				418CA1501E26955D0074E5B0 /* TMDBConstants.swift in Sources */,
				418CA14E1E2684160074E5B0 /* TMDBConfig.swift in Sources */,
				418CA1131E267D260074E5B0 /* LoginViewController.swift in Sources */,
				412887651E26D68300D6E96C /* TMDBAuthViewController.swift in Sources */,
				412887611E26C55600D6E96C /* TMDBMovie.swift in Sources */,
				418CA14C1E2682EF0074E5B0 /* TMDBClient.swift in Sources */,
				418CA1451E2682140074E5B0 /* WatchlistViewController.swift in Sources */,
				418CA1411E267EDE0074E5B0 /* MovieDetailViewController.swift in Sources */,
				418CA1111E267D260074E5B0 /* AppDelegate.swift in Sources */,
				418CA1471E2682210074E5B0 /* FavoritesViewController.swift in Sources */,
				412887631E26CD1300D6E96C /* TMDBConvenience.swift in Sources */,
				418CA1431E2682040074E5B0 /* MoviePickerViewController.swift in Sources */,
				412887671E270EBF00D6E96C /* GCDBlackBox.swift in Sources */,
			);
			runOnlyForDeploymentPostprocessing = 0;
		};
		418CA11D1E267D260074E5B0 /* Sources */ = {
			isa = PBXSourcesBuildPhase;
			buildActionMask = 2147483647;
			files = (
				418CA1261E267D260074E5B0 /* MovieManagerTests.swift in Sources */,
			);
			runOnlyForDeploymentPostprocessing = 0;
		};
		418CA1281E267D260074E5B0 /* Sources */ = {
			isa = PBXSourcesBuildPhase;
			buildActionMask = 2147483647;
			files = (
				418CA1311E267D260074E5B0 /* MovieManagerUITests.swift in Sources */,
			);
			runOnlyForDeploymentPostprocessing = 0;
		};
/* End PBXSourcesBuildPhase section */

/* Begin PBXTargetDependency section */
		418CA1231E267D260074E5B0 /* PBXTargetDependency */ = {
			isa = PBXTargetDependency;
			target = 418CA10C1E267D260074E5B0 /* MovieManager */;
			targetProxy = 418CA1221E267D260074E5B0 /* PBXContainerItemProxy */;
		};
		418CA12E1E267D260074E5B0 /* PBXTargetDependency */ = {
			isa = PBXTargetDependency;
			target = 418CA10C1E267D260074E5B0 /* MovieManager */;
			targetProxy = 418CA12D1E267D260074E5B0 /* PBXContainerItemProxy */;
		};
/* End PBXTargetDependency section */

/* Begin PBXVariantGroup section */
		418CA1141E267D260074E5B0 /* Main.storyboard */ = {
			isa = PBXVariantGroup;
			children = (
				418CA1151E267D260074E5B0 /* Base */,
			);
			name = Main.storyboard;
			sourceTree = "<group>";
		};
		418CA1191E267D260074E5B0 /* LaunchScreen.storyboard */ = {
			isa = PBXVariantGroup;
			children = (
				418CA11A1E267D260074E5B0 /* Base */,
			);
			name = LaunchScreen.storyboard;
			sourceTree = "<group>";
		};
/* End PBXVariantGroup section */

/* Begin XCBuildConfiguration section */
		418CA1331E267D260074E5B0 /* Debug */ = {
			isa = XCBuildConfiguration;
			buildSettings = {
				ALWAYS_SEARCH_USER_PATHS = NO;
				CLANG_ANALYZER_NONNULL = YES;
				CLANG_CXX_LANGUAGE_STANDARD = "gnu++0x";
				CLANG_CXX_LIBRARY = "libc++";
				CLANG_ENABLE_MODULES = YES;
				CLANG_ENABLE_OBJC_ARC = YES;
				CLANG_WARN_BOOL_CONVERSION = YES;
				CLANG_WARN_CONSTANT_CONVERSION = YES;
				CLANG_WARN_DIRECT_OBJC_ISA_USAGE = YES_ERROR;
				CLANG_WARN_DOCUMENTATION_COMMENTS = YES;
				CLANG_WARN_EMPTY_BODY = YES;
				CLANG_WARN_ENUM_CONVERSION = YES;
				CLANG_WARN_INFINITE_RECURSION = YES;
				CLANG_WARN_INT_CONVERSION = YES;
				CLANG_WARN_OBJC_ROOT_CLASS = YES_ERROR;
				CLANG_WARN_SUSPICIOUS_MOVE = YES;
				CLANG_WARN_UNREACHABLE_CODE = YES;
				CLANG_WARN__DUPLICATE_METHOD_MATCH = YES;
				"CODE_SIGN_IDENTITY[sdk=iphoneos*]" = "iPhone Developer";
				COPY_PHASE_STRIP = NO;
				DEBUG_INFORMATION_FORMAT = dwarf;
				ENABLE_STRICT_OBJC_MSGSEND = YES;
				ENABLE_TESTABILITY = YES;
				GCC_C_LANGUAGE_STANDARD = gnu99;
				GCC_DYNAMIC_NO_PIC = NO;
				GCC_NO_COMMON_BLOCKS = YES;
				GCC_OPTIMIZATION_LEVEL = 0;
				GCC_PREPROCESSOR_DEFINITIONS = (
					"DEBUG=1",
					"$(inherited)",
				);
				GCC_WARN_64_TO_32_BIT_CONVERSION = YES;
				GCC_WARN_ABOUT_RETURN_TYPE = YES_ERROR;
				GCC_WARN_UNDECLARED_SELECTOR = YES;
				GCC_WARN_UNINITIALIZED_AUTOS = YES_AGGRESSIVE;
				GCC_WARN_UNUSED_FUNCTION = YES;
				GCC_WARN_UNUSED_VARIABLE = YES;
				IPHONEOS_DEPLOYMENT_TARGET = 10.2;
				MTL_ENABLE_DEBUG_INFO = YES;
				ONLY_ACTIVE_ARCH = YES;
				SDKROOT = iphoneos;
				SWIFT_ACTIVE_COMPILATION_CONDITIONS = DEBUG;
				SWIFT_OPTIMIZATION_LEVEL = "-Onone";
				TARGETED_DEVICE_FAMILY = "1,2";
			};
			name = Debug;
		};
		418CA1341E267D260074E5B0 /* Release */ = {
			isa = XCBuildConfiguration;
			buildSettings = {
				ALWAYS_SEARCH_USER_PATHS = NO;
				CLANG_ANALYZER_NONNULL = YES;
				CLANG_CXX_LANGUAGE_STANDARD = "gnu++0x";
				CLANG_CXX_LIBRARY = "libc++";
				CLANG_ENABLE_MODULES = YES;
				CLANG_ENABLE_OBJC_ARC = YES;
				CLANG_WARN_BOOL_CONVERSION = YES;
				CLANG_WARN_CONSTANT_CONVERSION = YES;
				CLANG_WARN_DIRECT_OBJC_ISA_USAGE = YES_ERROR;
				CLANG_WARN_DOCUMENTATION_COMMENTS = YES;
				CLANG_WARN_EMPTY_BODY = YES;
				CLANG_WARN_ENUM_CONVERSION = YES;
				CLANG_WARN_INFINITE_RECURSION = YES;
				CLANG_WARN_INT_CONVERSION = YES;
				CLANG_WARN_OBJC_ROOT_CLASS = YES_ERROR;
				CLANG_WARN_SUSPICIOUS_MOVE = YES;
				CLANG_WARN_UNREACHABLE_CODE = YES;
				CLANG_WARN__DUPLICATE_METHOD_MATCH = YES;
				"CODE_SIGN_IDENTITY[sdk=iphoneos*]" = "iPhone Developer";
				COPY_PHASE_STRIP = NO;
				DEBUG_INFORMATION_FORMAT = "dwarf-with-dsym";
				ENABLE_NS_ASSERTIONS = NO;
				ENABLE_STRICT_OBJC_MSGSEND = YES;
				GCC_C_LANGUAGE_STANDARD = gnu99;
				GCC_NO_COMMON_BLOCKS = YES;
				GCC_WARN_64_TO_32_BIT_CONVERSION = YES;
				GCC_WARN_ABOUT_RETURN_TYPE = YES_ERROR;
				GCC_WARN_UNDECLARED_SELECTOR = YES;
				GCC_WARN_UNINITIALIZED_AUTOS = YES_AGGRESSIVE;
				GCC_WARN_UNUSED_FUNCTION = YES;
				GCC_WARN_UNUSED_VARIABLE = YES;
				IPHONEOS_DEPLOYMENT_TARGET = 10.2;
				MTL_ENABLE_DEBUG_INFO = NO;
				SDKROOT = iphoneos;
				SWIFT_OPTIMIZATION_LEVEL = "-Owholemodule";
				TARGETED_DEVICE_FAMILY = "1,2";
				VALIDATE_PRODUCT = YES;
			};
			name = Release;
		};
		418CA1361E267D260074E5B0 /* Debug */ = {
			isa = XCBuildConfiguration;
			buildSettings = {
				ASSETCATALOG_COMPILER_APPICON_NAME = AppIcon;
				DEVELOPMENT_TEAM = 3U4W9RVQH2;
				INFOPLIST_FILE = MovieManager/Info.plist;
				LD_RUNPATH_SEARCH_PATHS = "$(inherited) @executable_path/Frameworks";
				PRODUCT_BUNDLE_IDENTIFIER = com.screatch.MovieManager;
				PRODUCT_NAME = "$(TARGET_NAME)";
				SWIFT_VERSION = 3.0;
			};
			name = Debug;
		};
		418CA1371E267D260074E5B0 /* Release */ = {
			isa = XCBuildConfiguration;
			buildSettings = {
				ASSETCATALOG_COMPILER_APPICON_NAME = AppIcon;
				DEVELOPMENT_TEAM = 3U4W9RVQH2;
				INFOPLIST_FILE = MovieManager/Info.plist;
				LD_RUNPATH_SEARCH_PATHS = "$(inherited) @executable_path/Frameworks";
				PRODUCT_BUNDLE_IDENTIFIER = com.screatch.MovieManager;
				PRODUCT_NAME = "$(TARGET_NAME)";
				SWIFT_VERSION = 3.0;
			};
			name = Release;
		};
		418CA1391E267D260074E5B0 /* Debug */ = {
			isa = XCBuildConfiguration;
			buildSettings = {
				ALWAYS_EMBED_SWIFT_STANDARD_LIBRARIES = YES;
				BUNDLE_LOADER = "$(TEST_HOST)";
				DEVELOPMENT_TEAM = 3U4W9RVQH2;
				INFOPLIST_FILE = MovieManagerTests/Info.plist;
				LD_RUNPATH_SEARCH_PATHS = "$(inherited) @executable_path/Frameworks @loader_path/Frameworks";
				PRODUCT_BUNDLE_IDENTIFIER = com.screatch.MovieManagerTests;
				PRODUCT_NAME = "$(TARGET_NAME)";
				SWIFT_VERSION = 3.0;
				TEST_HOST = "$(BUILT_PRODUCTS_DIR)/MovieManager.app/MovieManager";
			};
			name = Debug;
		};
		418CA13A1E267D260074E5B0 /* Release */ = {
			isa = XCBuildConfiguration;
			buildSettings = {
				ALWAYS_EMBED_SWIFT_STANDARD_LIBRARIES = YES;
				BUNDLE_LOADER = "$(TEST_HOST)";
				DEVELOPMENT_TEAM = 3U4W9RVQH2;
				INFOPLIST_FILE = MovieManagerTests/Info.plist;
				LD_RUNPATH_SEARCH_PATHS = "$(inherited) @executable_path/Frameworks @loader_path/Frameworks";
				PRODUCT_BUNDLE_IDENTIFIER = com.screatch.MovieManagerTests;
				PRODUCT_NAME = "$(TARGET_NAME)";
				SWIFT_VERSION = 3.0;
				TEST_HOST = "$(BUILT_PRODUCTS_DIR)/MovieManager.app/MovieManager";
			};
			name = Release;
		};
		418CA13C1E267D260074E5B0 /* Debug */ = {
			isa = XCBuildConfiguration;
			buildSettings = {
				ALWAYS_EMBED_SWIFT_STANDARD_LIBRARIES = YES;
				DEVELOPMENT_TEAM = 3U4W9RVQH2;
				INFOPLIST_FILE = MovieManagerUITests/Info.plist;
				LD_RUNPATH_SEARCH_PATHS = "$(inherited) @executable_path/Frameworks @loader_path/Frameworks";
				PRODUCT_BUNDLE_IDENTIFIER = com.screatch.MovieManagerUITests;
				PRODUCT_NAME = "$(TARGET_NAME)";
				SWIFT_VERSION = 3.0;
				TEST_TARGET_NAME = MovieManager;
			};
			name = Debug;
		};
		418CA13D1E267D260074E5B0 /* Release */ = {
			isa = XCBuildConfiguration;
			buildSettings = {
				ALWAYS_EMBED_SWIFT_STANDARD_LIBRARIES = YES;
				DEVELOPMENT_TEAM = 3U4W9RVQH2;
				INFOPLIST_FILE = MovieManagerUITests/Info.plist;
				LD_RUNPATH_SEARCH_PATHS = "$(inherited) @executable_path/Frameworks @loader_path/Frameworks";
				PRODUCT_BUNDLE_IDENTIFIER = com.screatch.MovieManagerUITests;
				PRODUCT_NAME = "$(TARGET_NAME)";
				SWIFT_VERSION = 3.0;
				TEST_TARGET_NAME = MovieManager;
			};
			name = Release;
		};
/* End XCBuildConfiguration section */

/* Begin XCConfigurationList section */
		418CA1081E267D260074E5B0 /* Build configuration list for PBXProject "MovieManager" */ = {
			isa = XCConfigurationList;
			buildConfigurations = (
				418CA1331E267D260074E5B0 /* Debug */,
				418CA1341E267D260074E5B0 /* Release */,
			);
			defaultConfigurationIsVisible = 0;
			defaultConfigurationName = Release;
		};
		418CA1351E267D260074E5B0 /* Build configuration list for PBXNativeTarget "MovieManager" */ = {
			isa = XCConfigurationList;
			buildConfigurations = (
				418CA1361E267D260074E5B0 /* Debug */,
				418CA1371E267D260074E5B0 /* Release */,
			);
			defaultConfigurationIsVisible = 0;
			defaultConfigurationName = Release;
		};
		418CA1381E267D260074E5B0 /* Build configuration list for PBXNativeTarget "MovieManagerTests" */ = {
			isa = XCConfigurationList;
			buildConfigurations = (
				418CA1391E267D260074E5B0 /* Debug */,
				418CA13A1E267D260074E5B0 /* Release */,
			);
			defaultConfigurationIsVisible = 0;
			defaultConfigurationName = Release;
		};
		418CA13B1E267D260074E5B0 /* Build configuration list for PBXNativeTarget "MovieManagerUITests" */ = {
			isa = XCConfigurationList;
			buildConfigurations = (
				418CA13C1E267D260074E5B0 /* Debug */,
				418CA13D1E267D260074E5B0 /* Release */,
			);
			defaultConfigurationIsVisible = 0;
			defaultConfigurationName = Release;
		};
/* End XCConfigurationList section */
	};
	rootObject = 418CA1051E267D260074E5B0 /* Project object */;
}
